
Microsoft Visual Studio Solution File, Format Version 12.00
# Visual Studio Version 17
VisualStudioVersion = 17.8.34330.188
MinimumVisualStudioVersion = 10.0.40219.1
Project("{FAE04EC0-301F-11D3-BF4B-00C04F79EFBC}") = "Exercise2", "Exercise2.csproj", "{C291CBE7-51E6-463E-A3B2-723AF319508B}"
EndProject
Global
	GlobalSection(SolutionConfigurationPlatforms) = preSolution
		Debug|Any CPU = Debug|Any CPU
		Release|Any CPU = Release|Any CPU
	EndGlobalSection
	GlobalSection(ProjectConfigurationPlatforms) = postSolution
		{C291CBE7-51E6-463E-A3B2-723AF319508B}.Debug|Any CPU.ActiveCfg = Debug|Any CPU
		{C291CBE7-51E6-463E-A3B2-723AF319508B}.Debug|Any CPU.Build.0 = Debug|Any CPU
		{C291CBE7-51E6-463E-A3B2-723AF319508B}.Release|Any CPU.ActiveCfg = Release|Any CPU
		{C291CBE7-51E6-463E-A3B2-723AF319508B}.Release|Any CPU.Build.0 = Release|Any CPU
	EndGlobalSection
	GlobalSection(SolutionProperties) = preSolution
		HideSolutionNode = FALSE
	EndGlobalSection
	GlobalSection(ExtensibilityGlobals) = postSolution
		SolutionGuid = {BA3DF8C7-04C6-405E-855F-F555F1207F6C}
	EndGlobalSection
EndGlobal
